rogchap.com/v8go v0.6.0 h1:wNn5Iu06+ke7HM511zXTVBBpRNYaauyZoPMTrLsGurU=
rogchap.com/v8go v0.6.0/go.mod h1:IitZnaOtWSJadY/7qinKHIEHpxsilMWyLQ+Efdo4n4I=
rogchap.com/v8go v0.7.0 h1:kgjbiO4zE5itA962ze6Hqmbs4HgZbGzmueCXsZtremg=
rogchap.com/v8go v0.7.0/go.mod h1:MxgP3pL2MW4dpme/72QRs8sgNMmM0pRc8DPhcuLWPAs=
