rogchap.com/v8go v0.5.1 h1:yx7uQC2ezAHthCHLHl4NuH3eprVLBtNl6Utm/ELjZ+w=
rogchap.com/v8go v0.5.1/go.mod h1:IitZnaOtWSJadY/7qinKHIEHpxsilMWyLQ+Efdo4n4I=
rogchap.com/v8go v0.5.2-0.20210302113011-1944a6e1d898 h1:9yBAc601nRVSEXbEwVTBAt95aBSXAUWeBtSF7CWNJ/Q=
rogchap.com/v8go v0.5.2-0.20210302113011-1944a6e1d898/go.mod h1:IitZnaOtWSJadY/7qinKHIEHpxsilMWyLQ+Efdo4n4I=
rogchap.com/v8go v0.5.2-0.20210307235029-794781e582f8 h1:lUdV/RGmrzWd56U/jwu6/Hq8k80CYnQoMyl/FVcIqB8=
rogchap.com/v8go v0.5.2-0.20210307235029-794781e582f8/go.mod h1:IitZnaOtWSJadY/7qinKHIEHpxsilMWyLQ+Efdo4n4I=
